
Microsoft Visual Studio Solution File, Format Version 12.00
# Visual Studio 15
VisualStudioVersion = 15.0.28010.2003
MinimumVisualStudioVersion = 10.0.40219.1
Project("{FAE04EC0-301F-11D3-BF4B-00C04F79EFBC}") = "Lab3", "Lab3\Lab3.csproj", "{BF1156C0-8B77-49B2-9893-D0C9EA1FDC40}"
EndProject
Project("{FAE04EC0-301F-11D3-BF4B-00C04F79EFBC}") = "Ex2", "Ex2\Ex2.csproj", "{DAB4A868-3B61-4F7F-93CE-77B7B067E8F3}"
EndProject
Project("{FAE04EC0-301F-11D3-BF4B-00C04F79EFBC}") = "Exercise3", "Exercise3\Exercise3.csproj", "{B1374B68-6CC6-43E3-8D60-6E8A0B1EE9E3}"
EndProject
Project("{FAE04EC0-301F-11D3-BF4B-00C04F79EFBC}") = "Exercise4", "Exercise4\Exercise4.csproj", "{7E1C2BCC-DAAE-4DB9-9B25-10A99B6D75FF}"
EndProject
Project("{FAE04EC0-301F-11D3-BF4B-00C04F79EFBC}") = "Exercise5", "Exercise5\Exercise5.csproj", "{C027BE7F-184D-4B50-A8E8-28713A4D6286}"
EndProject
Global
	GlobalSection(SolutionConfigurationPlatforms) = preSolution
		Debug|Any CPU = Debug|Any CPU
		Release|Any CPU = Release|Any CPU
	EndGlobalSection
	GlobalSection(ProjectConfigurationPlatforms) = postSolution
		{BF1156C0-8B77-49B2-9893-D0C9EA1FDC40}.Debug|Any CPU.ActiveCfg = Debug|Any CPU
		{BF1156C0-8B77-49B2-9893-D0C9EA1FDC40}.Debug|Any CPU.Build.0 = Debug|Any CPU
		{BF1156C0-8B77-49B2-9893-D0C9EA1FDC40}.Release|Any CPU.ActiveCfg = Release|Any CPU
		{BF1156C0-8B77-49B2-9893-D0C9EA1FDC40}.Release|Any CPU.Build.0 = Release|Any CPU
		{DAB4A868-3B61-4F7F-93CE-77B7B067E8F3}.Debug|Any CPU.ActiveCfg = Debug|Any CPU
		{DAB4A868-3B61-4F7F-93CE-77B7B067E8F3}.Debug|Any CPU.Build.0 = Debug|Any CPU
		{DAB4A868-3B61-4F7F-93CE-77B7B067E8F3}.Release|Any CPU.ActiveCfg = Release|Any CPU
		{DAB4A868-3B61-4F7F-93CE-77B7B067E8F3}.Release|Any CPU.Build.0 = Release|Any CPU
		{B1374B68-6CC6-43E3-8D60-6E8A0B1EE9E3}.Debug|Any CPU.ActiveCfg = Debug|Any CPU
		{B1374B68-6CC6-43E3-8D60-6E8A0B1EE9E3}.Debug|Any CPU.Build.0 = Debug|Any CPU
		{B1374B68-6CC6-43E3-8D60-6E8A0B1EE9E3}.Release|Any CPU.ActiveCfg = Release|Any CPU
		{B1374B68-6CC6-43E3-8D60-6E8A0B1EE9E3}.Release|Any CPU.Build.0 = Release|Any CPU
		{7E1C2BCC-DAAE-4DB9-9B25-10A99B6D75FF}.Debug|Any CPU.ActiveCfg = Debug|Any CPU
		{7E1C2BCC-DAAE-4DB9-9B25-10A99B6D75FF}.Debug|Any CPU.Build.0 = Debug|Any CPU
		{7E1C2BCC-DAAE-4DB9-9B25-10A99B6D75FF}.Release|Any CPU.ActiveCfg = Release|Any CPU
		{7E1C2BCC-DAAE-4DB9-9B25-10A99B6D75FF}.Release|Any CPU.Build.0 = Release|Any CPU
		{C027BE7F-184D-4B50-A8E8-28713A4D6286}.Debug|Any CPU.ActiveCfg = Debug|Any CPU
		{C027BE7F-184D-4B50-A8E8-28713A4D6286}.Debug|Any CPU.Build.0 = Debug|Any CPU
		{C027BE7F-184D-4B50-A8E8-28713A4D6286}.Release|Any CPU.ActiveCfg = Release|Any CPU
		{C027BE7F-184D-4B50-A8E8-28713A4D6286}.Release|Any CPU.Build.0 = Release|Any CPU
	EndGlobalSection
	GlobalSection(SolutionProperties) = preSolution
		HideSolutionNode = FALSE
	EndGlobalSection
	GlobalSection(ExtensibilityGlobals) = postSolution
		SolutionGuid = {F61068FA-6976-496E-9101-23CB9C1BF8A9}
	EndGlobalSection
EndGlobal
